// !$*UTF8*$!
{
	archiveVersion = 1;
	classes = {
	};
	objectVersion = 46;
	objects = {

/* Begin PBXBuildFile section */
		7DC886147996E14B86FBFC2B /* Pods_fakeLekeHomePage.framework in Frameworks */ = {isa = PBXBuildFile; fileRef = AC3DEB843362CED67F05077F /* Pods_fakeLekeHomePage.framework */; };
		9203FE181F0B47AF0078C76C /* RxCollectionViewSectionedReloadDataSource.swift in Sources */ = {isa = PBXBuildFile; fileRef = 9203FE171F0B47AF0078C76C /* RxCollectionViewSectionedReloadDataSource.swift */; };
		9203FE1A1F0B76AB0078C76C /* RDHomeCollectionViewCell.swift in Sources */ = {isa = PBXBuildFile; fileRef = 9203FE191F0B76AB0078C76C /* RDHomeCollectionViewCell.swift */; };
		9203FE1C1F0B775A0078C76C /* RDHomeCollectionSectionView.swift in Sources */ = {isa = PBXBuildFile; fileRef = 9203FE1B1F0B775A0078C76C /* RDHomeCollectionSectionView.swift */; };
		9203FE1E1F0B7B5C0078C76C /* RDUtils.swift in Sources */ = {isa = PBXBuildFile; fileRef = 9203FE1D1F0B7B5C0078C76C /* RDUtils.swift */; };
		92AA7F451EF134C9009DBE57 /* RDViewController.swift in Sources */ = {isa = PBXBuildFile; fileRef = 92AA7F441EF134C9009DBE57 /* RDViewController.swift */; };
		92ACD24C1EB98A0E00AA6FBA /* BannerCollectionReusableView.m in Sources */ = {isa = PBXBuildFile; fileRef = 92ACD24B1EB98A0E00AA6FBA /* BannerCollectionReusableView.m */; };
		92ACD2521EB9DFA500AA6FBA /* ChildViewController.m in Sources */ = {isa = PBXBuildFile; fileRef = 92ACD2511EB9DFA500AA6FBA /* ChildViewController.m */; };
		92B93C941EE4FC0D002B9A13 /* TestViewController.swift in Sources */ = {isa = PBXBuildFile; fileRef = 92B93C931EE4FC0D002B9A13 /* TestViewController.swift */; };
		92F27C6B1EB32DD300D98CA8 /* main.m in Sources */ = {isa = PBXBuildFile; fileRef = 92F27C6A1EB32DD300D98CA8 /* main.m */; };
		92F27C6E1EB32DD300D98CA8 /* AppDelegate.m in Sources */ = {isa = PBXBuildFile; fileRef = 92F27C6D1EB32DD300D98CA8 /* AppDelegate.m */; };
		92F27C741EB32DD300D98CA8 /* Main.storyboard in Resources */ = {isa = PBXBuildFile; fileRef = 92F27C721EB32DD300D98CA8 /* Main.storyboard */; };
		92F27C761EB32DD300D98CA8 /* Assets.xcassets in Resources */ = {isa = PBXBuildFile; fileRef = 92F27C751EB32DD300D98CA8 /* Assets.xcassets */; };
		92F27C791EB32DD300D98CA8 /* LaunchScreen.storyboard in Resources */ = {isa = PBXBuildFile; fileRef = 92F27C771EB32DD300D98CA8 /* LaunchScreen.storyboard */; };
		92F8264A1F0F7D8500A85370 /* RDHomeCollectionFlowLayout.swift in Sources */ = {isa = PBXBuildFile; fileRef = 92F826491F0F7D8500A85370 /* RDHomeCollectionFlowLayout.swift */; };
		92FCB95B1EE5055A0051710B /* ChildExampleViewController.swift in Sources */ = {isa = PBXBuildFile; fileRef = 92FCB9591EE5055A0051710B /* ChildExampleViewController.swift */; };
		92FCB95C1EE5055A0051710B /* TableChildExampleViewController.swift in Sources */ = {isa = PBXBuildFile; fileRef = 92FCB95A1EE5055A0051710B /* TableChildExampleViewController.swift */; };
		92FCB95E1EE5057B0051710B /* ButtonBarExampleViewController.swift in Sources */ = {isa = PBXBuildFile; fileRef = 92FCB95D1EE5057B0051710B /* ButtonBarExampleViewController.swift */; };
		92FCB9631EE5078C0051710B /* DataProvider.swift in Sources */ = {isa = PBXBuildFile; fileRef = 92FCB9601EE5078C0051710B /* DataProvider.swift */; };
		92FCB9641EE5078C0051710B /* PostCell.swift in Sources */ = {isa = PBXBuildFile; fileRef = 92FCB9611EE5078C0051710B /* PostCell.swift */; };
		92FCB9651EE5078C0051710B /* PostCell.xib in Resources */ = {isa = PBXBuildFile; fileRef = 92FCB9621EE5078C0051710B /* PostCell.xib */; };
/* End PBXBuildFile section */

/* Begin PBXFileReference section */
		2B396A66FC867DD88D19A0FB /* Pods-fakeLekeHomePage.release.xcconfig */ = {isa = PBXFileReference; includeInIndex = 1; lastKnownFileType = text.xcconfig; name = "Pods-fakeLekeHomePage.release.xcconfig"; path = "Pods/Target Support Files/Pods-fakeLekeHomePage/Pods-fakeLekeHomePage.release.xcconfig"; sourceTree = "<group>"; };
		3EF0EC3DD7125FFEBC10746B /* Pods-fakeLekeHomePage.debug.xcconfig */ = {isa = PBXFileReference; includeInIndex = 1; lastKnownFileType = text.xcconfig; name = "Pods-fakeLekeHomePage.debug.xcconfig"; path = "Pods/Target Support Files/Pods-fakeLekeHomePage/Pods-fakeLekeHomePage.debug.xcconfig"; sourceTree = "<group>"; };
		9203FE171F0B47AF0078C76C /* RxCollectionViewSectionedReloadDataSource.swift */ = {isa = PBXFileReference; fileEncoding = 4; lastKnownFileType = sourcecode.swift; path = RxCollectionViewSectionedReloadDataSource.swift; sourceTree = "<group>"; };
		9203FE191F0B76AB0078C76C /* RDHomeCollectionViewCell.swift */ = {isa = PBXFileReference; fileEncoding = 4; lastKnownFileType = sourcecode.swift; path = RDHomeCollectionViewCell.swift; sourceTree = "<group>"; };
		9203FE1B1F0B775A0078C76C /* RDHomeCollectionSectionView.swift */ = {isa = PBXFileReference; fileEncoding = 4; lastKnownFileType = sourcecode.swift; path = RDHomeCollectionSectionView.swift; sourceTree = "<group>"; };
		9203FE1D1F0B7B5C0078C76C /* RDUtils.swift */ = {isa = PBXFileReference; fileEncoding = 4; lastKnownFileType = sourcecode.swift; path = RDUtils.swift; sourceTree = "<group>"; };
		92AA7F441EF134C9009DBE57 /* RDViewController.swift */ = {isa = PBXFileReference; fileEncoding = 4; lastKnownFileType = sourcecode.swift; path = RDViewController.swift; sourceTree = "<group>"; };
		92ACD24A1EB98A0E00AA6FBA /* BannerCollectionReusableView.h */ = {isa = PBXFileReference; fileEncoding = 4; lastKnownFileType = sourcecode.c.h; path = BannerCollectionReusableView.h; sourceTree = "<group>"; };
		92ACD24B1EB98A0E00AA6FBA /* BannerCollectionReusableView.m */ = {isa = PBXFileReference; fileEncoding = 4; lastKnownFileType = sourcecode.c.objc; path = BannerCollectionReusableView.m; sourceTree = "<group>"; };
		92ACD2501EB9DFA500AA6FBA /* ChildViewController.h */ = {isa = PBXFileReference; fileEncoding = 4; lastKnownFileType = sourcecode.c.h; path = ChildViewController.h; sourceTree = "<group>"; };
		92ACD2511EB9DFA500AA6FBA /* ChildViewController.m */ = {isa = PBXFileReference; fileEncoding = 4; lastKnownFileType = sourcecode.c.objc; path = ChildViewController.m; sourceTree = "<group>"; };
		92B93C921EE4FC0C002B9A13 /* fakeLekeHomePage-Bridging-Header.h */ = {isa = PBXFileReference; lastKnownFileType = sourcecode.c.h; path = "fakeLekeHomePage-Bridging-Header.h"; sourceTree = "<group>"; };
		92B93C931EE4FC0D002B9A13 /* TestViewController.swift */ = {isa = PBXFileReference; fileEncoding = 4; lastKnownFileType = sourcecode.swift; path = TestViewController.swift; sourceTree = "<group>"; };
		92F27C661EB32DD300D98CA8 /* fakeLekeHomePage.app */ = {isa = PBXFileReference; explicitFileType = wrapper.application; includeInIndex = 0; path = fakeLekeHomePage.app; sourceTree = BUILT_PRODUCTS_DIR; };
		92F27C6A1EB32DD300D98CA8 /* main.m */ = {isa = PBXFileReference; lastKnownFileType = sourcecode.c.objc; path = main.m; sourceTree = "<group>"; };
		92F27C6C1EB32DD300D98CA8 /* AppDelegate.h */ = {isa = PBXFileReference; lastKnownFileType = sourcecode.c.h; path = AppDelegate.h; sourceTree = "<group>"; };
		92F27C6D1EB32DD300D98CA8 /* AppDelegate.m */ = {isa = PBXFileReference; lastKnownFileType = sourcecode.c.objc; path = AppDelegate.m; sourceTree = "<group>"; };
		92F27C731EB32DD300D98CA8 /* Base */ = {isa = PBXFileReference; lastKnownFileType = file.storyboard; name = Base; path = Base.lproj/Main.storyboard; sourceTree = "<group>"; };
		92F27C751EB32DD300D98CA8 /* Assets.xcassets */ = {isa = PBXFileReference; lastKnownFileType = folder.assetcatalog; path = Assets.xcassets; sourceTree = "<group>"; };
		92F27C781EB32DD300D98CA8 /* Base */ = {isa = PBXFileReference; lastKnownFileType = file.storyboard; name = Base; path = Base.lproj/LaunchScreen.storyboard; sourceTree = "<group>"; };
		92F27C7A1EB32DD300D98CA8 /* Info.plist */ = {isa = PBXFileReference; lastKnownFileType = text.plist.xml; path = Info.plist; sourceTree = "<group>"; };
		92F826491F0F7D8500A85370 /* RDHomeCollectionFlowLayout.swift */ = {isa = PBXFileReference; fileEncoding = 4; lastKnownFileType = sourcecode.swift; path = RDHomeCollectionFlowLayout.swift; sourceTree = "<group>"; };
		92FCB9591EE5055A0051710B /* ChildExampleViewController.swift */ = {isa = PBXFileReference; fileEncoding = 4; lastKnownFileType = sourcecode.swift; path = ChildExampleViewController.swift; sourceTree = "<group>"; };
		92FCB95A1EE5055A0051710B /* TableChildExampleViewController.swift */ = {isa = PBXFileReference; fileEncoding = 4; lastKnownFileType = sourcecode.swift; path = TableChildExampleViewController.swift; sourceTree = "<group>"; };
		92FCB95D1EE5057B0051710B /* ButtonBarExampleViewController.swift */ = {isa = PBXFileReference; fileEncoding = 4; lastKnownFileType = sourcecode.swift; path = ButtonBarExampleViewController.swift; sourceTree = "<group>"; };
		92FCB9601EE5078C0051710B /* DataProvider.swift */ = {isa = PBXFileReference; fileEncoding = 4; lastKnownFileType = sourcecode.swift; path = DataProvider.swift; sourceTree = "<group>"; };
		92FCB9611EE5078C0051710B /* PostCell.swift */ = {isa = PBXFileReference; fileEncoding = 4; lastKnownFileType = sourcecode.swift; path = PostCell.swift; sourceTree = "<group>"; };
		92FCB9621EE5078C0051710B /* PostCell.xib */ = {isa = PBXFileReference; fileEncoding = 4; lastKnownFileType = file.xib; path = PostCell.xib; sourceTree = "<group>"; };
		AC3DEB843362CED67F05077F /* Pods_fakeLekeHomePage.framework */ = {isa = PBXFileReference; explicitFileType = wrapper.framework; includeInIndex = 0; path = Pods_fakeLekeHomePage.framework; sourceTree = BUILT_PRODUCTS_DIR; };
/* End PBXFileReference section */

/* Begin PBXFrameworksBuildPhase section */
		92F27C631EB32DD300D98CA8 /* Frameworks */ = {
			isa = PBXFrameworksBuildPhase;
			buildActionMask = 2147483647;
			files = (
				7DC886147996E14B86FBFC2B /* Pods_fakeLekeHomePage.framework in Frameworks */,
			);
			runOnlyForDeploymentPostprocessing = 0;
		};
/* End PBXFrameworksBuildPhase section */

/* Begin PBXGroup section */
		1D1D4AA8E7FFD8813388D6CF /* Pods */ = {
			isa = PBXGroup;
			children = (
				3EF0EC3DD7125FFEBC10746B /* Pods-fakeLekeHomePage.debug.xcconfig */,
				2B396A66FC867DD88D19A0FB /* Pods-fakeLekeHomePage.release.xcconfig */,
			);
			name = Pods;
			sourceTree = "<group>";
		};
		6D0A1E9ACA1A940F4B607C94 /* Frameworks */ = {
			isa = PBXGroup;
			children = (
				AC3DEB843362CED67F05077F /* Pods_fakeLekeHomePage.framework */,
			);
			name = Frameworks;
			sourceTree = "<group>";
		};
		92F27C5D1EB32DD300D98CA8 = {
			isa = PBXGroup;
			children = (
				92F27C681EB32DD300D98CA8 /* fakeLekeHomePage */,
				92F27C671EB32DD300D98CA8 /* Products */,
				1D1D4AA8E7FFD8813388D6CF /* Pods */,
				6D0A1E9ACA1A940F4B607C94 /* Frameworks */,
			);
			sourceTree = "<group>";
		};
		92F27C671EB32DD300D98CA8 /* Products */ = {
			isa = PBXGroup;
			children = (
				92F27C661EB32DD300D98CA8 /* fakeLekeHomePage.app */,
			);
			name = Products;
			sourceTree = "<group>";
		};
		92F27C681EB32DD300D98CA8 /* fakeLekeHomePage */ = {
			isa = PBXGroup;
			children = (
				92F27C6C1EB32DD300D98CA8 /* AppDelegate.h */,
				92F27C6D1EB32DD300D98CA8 /* AppDelegate.m */,
				92ACD24A1EB98A0E00AA6FBA /* BannerCollectionReusableView.h */,
				92ACD24B1EB98A0E00AA6FBA /* BannerCollectionReusableView.m */,
				92ACD2501EB9DFA500AA6FBA /* ChildViewController.h */,
				92ACD2511EB9DFA500AA6FBA /* ChildViewController.m */,
				92F27C721EB32DD300D98CA8 /* Main.storyboard */,
				92F27C751EB32DD300D98CA8 /* Assets.xcassets */,
				92F27C771EB32DD300D98CA8 /* LaunchScreen.storyboard */,
				92F27C7A1EB32DD300D98CA8 /* Info.plist */,
				92F27C691EB32DD300D98CA8 /* Supporting Files */,
				92B93C931EE4FC0D002B9A13 /* TestViewController.swift */,
				92FCB95F1EE5078C0051710B /* Helpers */,
				92FCB95D1EE5057B0051710B /* ButtonBarExampleViewController.swift */,
				92FCB9591EE5055A0051710B /* ChildExampleViewController.swift */,
				92FCB95A1EE5055A0051710B /* TableChildExampleViewController.swift */,
				92B93C921EE4FC0C002B9A13 /* fakeLekeHomePage-Bridging-Header.h */,
				92AA7F441EF134C9009DBE57 /* RDViewController.swift */,
				9203FE171F0B47AF0078C76C /* RxCollectionViewSectionedReloadDataSource.swift */,
				92F826491F0F7D8500A85370 /* RDHomeCollectionFlowLayout.swift */,
				9203FE191F0B76AB0078C76C /* RDHomeCollectionViewCell.swift */,
				9203FE1B1F0B775A0078C76C /* RDHomeCollectionSectionView.swift */,
			);
			path = fakeLekeHomePage;
			sourceTree = "<group>";
		};
		92F27C691EB32DD300D98CA8 /* Supporting Files */ = {
			isa = PBXGroup;
			children = (
				92F27C6A1EB32DD300D98CA8 /* main.m */,
			);
			name = "Supporting Files";
			sourceTree = "<group>";
		};
		92FCB95F1EE5078C0051710B /* Helpers */ = {
			isa = PBXGroup;
			children = (
				92FCB9601EE5078C0051710B /* DataProvider.swift */,
				92FCB9611EE5078C0051710B /* PostCell.swift */,
				92FCB9621EE5078C0051710B /* PostCell.xib */,
				9203FE1D1F0B7B5C0078C76C /* RDUtils.swift */,
			);
			path = Helpers;
			sourceTree = "<group>";
		};
/* End PBXGroup section */

/* Begin PBXNativeTarget section */
		92F27C651EB32DD300D98CA8 /* fakeLekeHomePage */ = {
			isa = PBXNativeTarget;
			buildConfigurationList = 92F27C7D1EB32DD300D98CA8 /* Build configuration list for PBXNativeTarget "fakeLekeHomePage" */;
			buildPhases = (
				EB2C4CEFA5C9C8A8C2762F09 /* [CP] Check Pods Manifest.lock */,
				92F27C621EB32DD300D98CA8 /* Sources */,
				92F27C631EB32DD300D98CA8 /* Frameworks */,
				92F27C641EB32DD300D98CA8 /* Resources */,
				AEFFD6A7A2B0E7B9BC3B0DB5 /* [CP] Embed Pods Frameworks */,
				77C7B50E526E6FB974CACCDF /* [CP] Copy Pods Resources */,
			);
			buildRules = (
			);
			dependencies = (
			);
			name = fakeLekeHomePage;
			productName = fakeLekeHomePage;
			productReference = 92F27C661EB32DD300D98CA8 /* fakeLekeHomePage.app */;
			productType = "com.apple.product-type.application";
		};
/* End PBXNativeTarget section */

/* Begin PBXProject section */
		92F27C5E1EB32DD300D98CA8 /* Project object */ = {
			isa = PBXProject;
			attributes = {
				LastUpgradeCheck = 0830;
				ORGANIZATIONNAME = sseen;
				TargetAttributes = {
					92F27C651EB32DD300D98CA8 = {
						CreatedOnToolsVersion = 8.3.2;
						DevelopmentTeam = 8B5A6RKN3R;
						LastSwiftMigration = 0830;
						ProvisioningStyle = Automatic;
					};
				};
			};
			buildConfigurationList = 92F27C611EB32DD300D98CA8 /* Build configuration list for PBXProject "fakeLekeHomePage" */;
			compatibilityVersion = "Xcode 3.2";
			developmentRegion = English;
			hasScannedForEncodings = 0;
			knownRegions = (
				en,
				Base,
			);
			mainGroup = 92F27C5D1EB32DD300D98CA8;
			productRefGroup = 92F27C671EB32DD300D98CA8 /* Products */;
			projectDirPath = "";
			projectRoot = "";
			targets = (
				92F27C651EB32DD300D98CA8 /* fakeLekeHomePage */,
			);
		};
/* End PBXProject section */

/* Begin PBXResourcesBuildPhase section */
		92F27C641EB32DD300D98CA8 /* Resources */ = {
			isa = PBXResourcesBuildPhase;
			buildActionMask = 2147483647;
			files = (
				92F27C791EB32DD300D98CA8 /* LaunchScreen.storyboard in Resources */,
				92F27C761EB32DD300D98CA8 /* Assets.xcassets in Resources */,
				92F27C741EB32DD300D98CA8 /* Main.storyboard in Resources */,
				92FCB9651EE5078C0051710B /* PostCell.xib in Resources */,
			);
			runOnlyForDeploymentPostprocessing = 0;
		};
/* End PBXResourcesBuildPhase section */

/* Begin PBXShellScriptBuildPhase section */
		77C7B50E526E6FB974CACCDF /* [CP] Copy Pods Resources */ = {
			isa = PBXShellScriptBuildPhase;
			buildActionMask = 2147483647;
			files = (
			);
			inputPaths = (
			);
			name = "[CP] Copy Pods Resources";
			outputPaths = (
			);
			runOnlyForDeploymentPostprocessing = 0;
			shellPath = /bin/sh;
			shellScript = "\"${SRCROOT}/Pods/Target Support Files/Pods-fakeLekeHomePage/Pods-fakeLekeHomePage-resources.sh\"\n";
			showEnvVarsInLog = 0;
		};
		AEFFD6A7A2B0E7B9BC3B0DB5 /* [CP] Embed Pods Frameworks */ = {
			isa = PBXShellScriptBuildPhase;
			buildActionMask = 2147483647;
			files = (
			);
			inputPaths = (
			);
			name = "[CP] Embed Pods Frameworks";
			outputPaths = (
			);
			runOnlyForDeploymentPostprocessing = 0;
			shellPath = /bin/sh;
			shellScript = "\"${SRCROOT}/Pods/Target Support Files/Pods-fakeLekeHomePage/Pods-fakeLekeHomePage-frameworks.sh\"\n";
			showEnvVarsInLog = 0;
		};
		EB2C4CEFA5C9C8A8C2762F09 /* [CP] Check Pods Manifest.lock */ = {
			isa = PBXShellScriptBuildPhase;
			buildActionMask = 2147483647;
			files = (
			);
			inputPaths = (
			);
			name = "[CP] Check Pods Manifest.lock";
			outputPaths = (
			);
			runOnlyForDeploymentPostprocessing = 0;
			shellPath = /bin/sh;
			shellScript = "diff \"${PODS_PODFILE_DIR_PATH}/Podfile.lock\" \"${PODS_ROOT}/Manifest.lock\" > /dev/null\nif [ $? != 0 ] ; then\n    # print error to STDERR\n    echo \"error: The sandbox is not in sync with the Podfile.lock. Run 'pod install' or update your CocoaPods installation.\" >&2\n    exit 1\nfi\n";
			showEnvVarsInLog = 0;
		};
/* End PBXShellScriptBuildPhase section */

/* Begin PBXSourcesBuildPhase section */
		92F27C621EB32DD300D98CA8 /* Sources */ = {
			isa = PBXSourcesBuildPhase;
			buildActionMask = 2147483647;
			files = (
				9203FE1E1F0B7B5C0078C76C /* RDUtils.swift in Sources */,
				92B93C941EE4FC0D002B9A13 /* TestViewController.swift in Sources */,
				92ACD24C1EB98A0E00AA6FBA /* BannerCollectionReusableView.m in Sources */,
				92F27C6E1EB32DD300D98CA8 /* AppDelegate.m in Sources */,
				9203FE181F0B47AF0078C76C /* RxCollectionViewSectionedReloadDataSource.swift in Sources */,
				92FCB95B1EE5055A0051710B /* ChildExampleViewController.swift in Sources */,
				92FCB9631EE5078C0051710B /* DataProvider.swift in Sources */,
				9203FE1A1F0B76AB0078C76C /* RDHomeCollectionViewCell.swift in Sources */,
				92F8264A1F0F7D8500A85370 /* RDHomeCollectionFlowLayout.swift in Sources */,
				92AA7F451EF134C9009DBE57 /* RDViewController.swift in Sources */,
				92FCB95E1EE5057B0051710B /* ButtonBarExampleViewController.swift in Sources */,
				92F27C6B1EB32DD300D98CA8 /* main.m in Sources */,
				92FCB95C1EE5055A0051710B /* TableChildExampleViewController.swift in Sources */,
				92ACD2521EB9DFA500AA6FBA /* ChildViewController.m in Sources */,
				92FCB9641EE5078C0051710B /* PostCell.swift in Sources */,
				9203FE1C1F0B775A0078C76C /* RDHomeCollectionSectionView.swift in Sources */,
			);
			runOnlyForDeploymentPostprocessing = 0;
		};
/* End PBXSourcesBuildPhase section */

/* Begin PBXVariantGroup section */
		92F27C721EB32DD300D98CA8 /* Main.storyboard */ = {
			isa = PBXVariantGroup;
			children = (
				92F27C731EB32DD300D98CA8 /* Base */,
			);
			name = Main.storyboard;
			sourceTree = "<group>";
		};
		92F27C771EB32DD300D98CA8 /* LaunchScreen.storyboard */ = {
			isa = PBXVariantGroup;
			children = (
				92F27C781EB32DD300D98CA8 /* Base */,
			);
			name = LaunchScreen.storyboard;
			sourceTree = "<group>";
		};
/* End PBXVariantGroup section */

/* Begin XCBuildConfiguration section */
		92F27C7B1EB32DD300D98CA8 /* Debug */ = {
			isa = XCBuildConfiguration;
			buildSettings = {
				ALWAYS_SEARCH_USER_PATHS = NO;
				CLANG_ANALYZER_NONNULL = YES;
				CLANG_ANALYZER_NUMBER_OBJECT_CONVERSION = YES_AGGRESSIVE;
				CLANG_CXX_LANGUAGE_STANDARD = "gnu++0x";
				CLANG_CXX_LIBRARY = "libc++";
				CLANG_ENABLE_MODULES = YES;
				CLANG_ENABLE_OBJC_ARC = YES;
				CLANG_WARN_BOOL_CONVERSION = YES;
				CLANG_WARN_CONSTANT_CONVERSION = YES;
				CLANG_WARN_DIRECT_OBJC_ISA_USAGE = YES_ERROR;
				CLANG_WARN_DOCUMENTATION_COMMENTS = YES;
				CLANG_WARN_EMPTY_BODY = YES;
				CLANG_WARN_ENUM_CONVERSION = YES;
				CLANG_WARN_INFINITE_RECURSION = YES;
				CLANG_WARN_INT_CONVERSION = YES;
				CLANG_WARN_OBJC_ROOT_CLASS = YES_ERROR;
				CLANG_WARN_SUSPICIOUS_MOVE = YES;
				CLANG_WARN_UNREACHABLE_CODE = YES;
				CLANG_WARN__DUPLICATE_METHOD_MATCH = YES;
				"CODE_SIGN_IDENTITY[sdk=iphoneos*]" = "iPhone Developer";
				COPY_PHASE_STRIP = NO;
				DEBUG_INFORMATION_FORMAT = dwarf;
				ENABLE_STRICT_OBJC_MSGSEND = YES;
				ENABLE_TESTABILITY = YES;
				GCC_C_LANGUAGE_STANDARD = gnu99;
				GCC_DYNAMIC_NO_PIC = NO;
				GCC_NO_COMMON_BLOCKS = YES;
				GCC_OPTIMIZATION_LEVEL = 0;
				GCC_PREPROCESSOR_DEFINITIONS = (
					"DEBUG=1",
					"$(inherited)",
				);
				GCC_WARN_64_TO_32_BIT_CONVERSION = YES;
				GCC_WARN_ABOUT_RETURN_TYPE = YES_ERROR;
				GCC_WARN_UNDECLARED_SELECTOR = YES;
				GCC_WARN_UNINITIALIZED_AUTOS = YES_AGGRESSIVE;
				GCC_WARN_UNUSED_FUNCTION = YES;
				GCC_WARN_UNUSED_VARIABLE = YES;
				IPHONEOS_DEPLOYMENT_TARGET = 10.3;
				MTL_ENABLE_DEBUG_INFO = YES;
				ONLY_ACTIVE_ARCH = YES;
				SDKROOT = iphoneos;
				TARGETED_DEVICE_FAMILY = "1,2";
			};
			name = Debug;
		};
		92F27C7C1EB32DD300D98CA8 /* Release */ = {
			isa = XCBuildConfiguration;
			buildSettings = {
				ALWAYS_SEARCH_USER_PATHS = NO;
				CLANG_ANALYZER_NONNULL = YES;
				CLANG_ANALYZER_NUMBER_OBJECT_CONVERSION = YES_AGGRESSIVE;
				CLANG_CXX_LANGUAGE_STANDARD = "gnu++0x";
				CLANG_CXX_LIBRARY = "libc++";
				CLANG_ENABLE_MODULES = YES;
				CLANG_ENABLE_OBJC_ARC = YES;
				CLANG_WARN_BOOL_CONVERSION = YES;
				CLANG_WARN_CONSTANT_CONVERSION = YES;
				CLANG_WARN_DIRECT_OBJC_ISA_USAGE = YES_ERROR;
				CLANG_WARN_DOCUMENTATION_COMMENTS = YES;
				CLANG_WARN_EMPTY_BODY = YES;
				CLANG_WARN_ENUM_CONVERSION = YES;
				CLANG_WARN_INFINITE_RECURSION = YES;
				CLANG_WARN_INT_CONVERSION = YES;
				CLANG_WARN_OBJC_ROOT_CLASS = YES_ERROR;
				CLANG_WARN_SUSPICIOUS_MOVE = YES;
				CLANG_WARN_UNREACHABLE_CODE = YES;
				CLANG_WARN__DUPLICATE_METHOD_MATCH = YES;
				"CODE_SIGN_IDENTITY[sdk=iphoneos*]" = "iPhone Developer";
				COPY_PHASE_STRIP = NO;
				DEBUG_INFORMATION_FORMAT = "dwarf-with-dsym";
				ENABLE_NS_ASSERTIONS = NO;
				ENABLE_STRICT_OBJC_MSGSEND = YES;
				GCC_C_LANGUAGE_STANDARD = gnu99;
				GCC_NO_COMMON_BLOCKS = YES;
				GCC_WARN_64_TO_32_BIT_CONVERSION = YES;
				GCC_WARN_ABOUT_RETURN_TYPE = YES_ERROR;
				GCC_WARN_UNDECLARED_SELECTOR = YES;
				GCC_WARN_UNINITIALIZED_AUTOS = YES_AGGRESSIVE;
				GCC_WARN_UNUSED_FUNCTION = YES;
				GCC_WARN_UNUSED_VARIABLE = YES;
				IPHONEOS_DEPLOYMENT_TARGET = 10.3;
				MTL_ENABLE_DEBUG_INFO = NO;
				SDKROOT = iphoneos;
				TARGETED_DEVICE_FAMILY = "1,2";
				VALIDATE_PRODUCT = YES;
			};
			name = Release;
		};
		92F27C7E1EB32DD300D98CA8 /* Debug */ = {
			isa = XCBuildConfiguration;
			baseConfigurationReference = 3EF0EC3DD7125FFEBC10746B /* Pods-fakeLekeHomePage.debug.xcconfig */;
			buildSettings = {
				ASSETCATALOG_COMPILER_APPICON_NAME = AppIcon;
				CLANG_ENABLE_MODULES = YES;
				DEFINES_MODULE = YES;
				DEVELOPMENT_TEAM = 8B5A6RKN3R;
				INFOPLIST_FILE = fakeLekeHomePage/Info.plist;
				LD_RUNPATH_SEARCH_PATHS = "$(inherited) @executable_path/Frameworks";
				PRODUCT_BUNDLE_IDENTIFIER = com.sseen.fakeLekeHomePage;
				PRODUCT_NAME = "$(TARGET_NAME)";
				SWIFT_OBJC_BRIDGING_HEADER = "fakeLekeHomePage/fakeLekeHomePage-Bridging-Header.h";
				SWIFT_OPTIMIZATION_LEVEL = "-Onone";
				SWIFT_VERSION = 3.0;
			};
			name = Debug;
		};
		92F27C7F1EB32DD300D98CA8 /* Release */ = {
			isa = XCBuildConfiguration;
			baseConfigurationReference = 2B396A66FC867DD88D19A0FB /* Pods-fakeLekeHomePage.release.xcconfig */;
			buildSettings = {
				ASSETCATALOG_COMPILER_APPICON_NAME = AppIcon;
				CLANG_ENABLE_MODULES = YES;
				DEFINES_MODULE = YES;
				DEVELOPMENT_TEAM = 8B5A6RKN3R;
				INFOPLIST_FILE = fakeLekeHomePage/Info.plist;
				LD_RUNPATH_SEARCH_PATHS = "$(inherited) @executable_path/Frameworks";
				PRODUCT_BUNDLE_IDENTIFIER = com.sseen.fakeLekeHomePage;
				PRODUCT_NAME = "$(TARGET_NAME)";
				SWIFT_OBJC_BRIDGING_HEADER = "fakeLekeHomePage/fakeLekeHomePage-Bridging-Header.h";
				SWIFT_VERSION = 3.0;
			};
			name = Release;
		};
/* End XCBuildConfiguration section */

/* Begin XCConfigurationList section */
		92F27C611EB32DD300D98CA8 /* Build configuration list for PBXProject "fakeLekeHomePage" */ = {
			isa = XCConfigurationList;
			buildConfigurations = (
				92F27C7B1EB32DD300D98CA8 /* Debug */,
				92F27C7C1EB32DD300D98CA8 /* Release */,
			);
			defaultConfigurationIsVisible = 0;
			defaultConfigurationName = Release;
		};
		92F27C7D1EB32DD300D98CA8 /* Build configuration list for PBXNativeTarget "fakeLekeHomePage" */ = {
			isa = XCConfigurationList;
			buildConfigurations = (
				92F27C7E1EB32DD300D98CA8 /* Debug */,
				92F27C7F1EB32DD300D98CA8 /* Release */,
			);
			defaultConfigurationIsVisible = 0;
			defaultConfigurationName = Release;
		};
/* End XCConfigurationList section */
	};
	rootObject = 92F27C5E1EB32DD300D98CA8 /* Project object */;
}
